
Microsoft Visual Studio Solution File, Format Version 12.00
# Visual Studio Version 17
VisualStudioVersion = 17.4.33205.214
MinimumVisualStudioVersion = 10.0.40219.1
Project("{FAE04EC0-301F-11D3-BF4B-00C04F79EFBC}") = "FamilyBudget.Security.Api", "FamilyBudget.Security.Api.csproj", "{86182D8C-AC6D-4D5E-9D82-3CB5C31343EE}"
EndProject
Global
	GlobalSection(SolutionConfigurationPlatforms) = preSolution
		Debug|Any CPU = Debug|Any CPU
		Release|Any CPU = Release|Any CPU
	EndGlobalSection
	GlobalSection(ProjectConfigurationPlatforms) = postSolution
		{86182D8C-AC6D-4D5E-9D82-3CB5C31343EE}.Debug|Any CPU.ActiveCfg = Debug|Any CPU
		{86182D8C-AC6D-4D5E-9D82-3CB5C31343EE}.Debug|Any CPU.Build.0 = Debug|Any CPU
		{86182D8C-AC6D-4D5E-9D82-3CB5C31343EE}.Release|Any CPU.ActiveCfg = Release|Any CPU
		{86182D8C-AC6D-4D5E-9D82-3CB5C31343EE}.Release|Any CPU.Build.0 = Release|Any CPU
	EndGlobalSection
	GlobalSection(SolutionProperties) = preSolution
		HideSolutionNode = FALSE
	EndGlobalSection
	GlobalSection(ExtensibilityGlobals) = postSolution
		SolutionGuid = {92C26D4F-7A3F-4732-8BAF-D4C101F78A80}
	EndGlobalSection
EndGlobal
